
Microsoft Visual Studio Solution File, Format Version 12.00
# Visual Studio 14
VisualStudioVersion = 14.0.25123.0
MinimumVisualStudioVersion = 10.0.40219.1
Project("{2150E333-8FDC-42A3-9474-1A3956D46DE8}") = "UnitTests", "UnitTests", "{2D4FBEB3-6F53-4069-9A99-9D08E56C6E67}"
EndProject
Project("{FAE04EC0-301F-11D3-BF4B-00C04F79EFBC}") = "Yatzy.UnitTests", "..\Yatzy.UnitTests\Yatzy.UnitTests.csproj", "{C6B8774B-A9F7-4821-AB8B-EFB4FB6AFE33}"
EndProject
Project("{FAE04EC0-301F-11D3-BF4B-00C04F79EFBC}") = "YatzyModernApp", "YatzyModernApp\YatzyModernApp.csproj", "{C7E8A566-C1A0-41A6-8B3B-76DECBB7D5D1}"
EndProject
Project("{FAE04EC0-301F-11D3-BF4B-00C04F79EFBC}") = "PortableYatzy", "PortableYatzy\PortableYatzy.csproj", "{ADFB30AD-72FA-411C-8136-3745D5E56380}"
EndProject
Global
	GlobalSection(SolutionConfigurationPlatforms) = preSolution
		Debug|Any CPU = Debug|Any CPU
		Debug|ARM = Debug|ARM
		Debug|x64 = Debug|x64
		Debug|x86 = Debug|x86
		Release|Any CPU = Release|Any CPU
		Release|ARM = Release|ARM
		Release|x64 = Release|x64
		Release|x86 = Release|x86
	EndGlobalSection
	GlobalSection(ProjectConfigurationPlatforms) = postSolution
		{C6B8774B-A9F7-4821-AB8B-EFB4FB6AFE33}.Debug|Any CPU.ActiveCfg = Debug|Any CPU
		{C6B8774B-A9F7-4821-AB8B-EFB4FB6AFE33}.Debug|Any CPU.Build.0 = Debug|Any CPU
		{C6B8774B-A9F7-4821-AB8B-EFB4FB6AFE33}.Debug|ARM.ActiveCfg = Debug|Any CPU
		{C6B8774B-A9F7-4821-AB8B-EFB4FB6AFE33}.Debug|ARM.Build.0 = Debug|Any CPU
		{C6B8774B-A9F7-4821-AB8B-EFB4FB6AFE33}.Debug|x64.ActiveCfg = Debug|Any CPU
		{C6B8774B-A9F7-4821-AB8B-EFB4FB6AFE33}.Debug|x64.Build.0 = Debug|Any CPU
		{C6B8774B-A9F7-4821-AB8B-EFB4FB6AFE33}.Debug|x86.ActiveCfg = Debug|Any CPU
		{C6B8774B-A9F7-4821-AB8B-EFB4FB6AFE33}.Debug|x86.Build.0 = Debug|Any CPU
		{C6B8774B-A9F7-4821-AB8B-EFB4FB6AFE33}.Release|Any CPU.ActiveCfg = Release|Any CPU
		{C6B8774B-A9F7-4821-AB8B-EFB4FB6AFE33}.Release|Any CPU.Build.0 = Release|Any CPU
		{C6B8774B-A9F7-4821-AB8B-EFB4FB6AFE33}.Release|ARM.ActiveCfg = Release|Any CPU
		{C6B8774B-A9F7-4821-AB8B-EFB4FB6AFE33}.Release|ARM.Build.0 = Release|Any CPU
		{C6B8774B-A9F7-4821-AB8B-EFB4FB6AFE33}.Release|x64.ActiveCfg = Release|Any CPU
		{C6B8774B-A9F7-4821-AB8B-EFB4FB6AFE33}.Release|x64.Build.0 = Release|Any CPU
		{C6B8774B-A9F7-4821-AB8B-EFB4FB6AFE33}.Release|x86.ActiveCfg = Release|Any CPU
		{C6B8774B-A9F7-4821-AB8B-EFB4FB6AFE33}.Release|x86.Build.0 = Release|Any CPU
		{C7E8A566-C1A0-41A6-8B3B-76DECBB7D5D1}.Debug|Any CPU.ActiveCfg = Debug|x86
		{C7E8A566-C1A0-41A6-8B3B-76DECBB7D5D1}.Debug|Any CPU.Build.0 = Debug|x86
		{C7E8A566-C1A0-41A6-8B3B-76DECBB7D5D1}.Debug|Any CPU.Deploy.0 = Debug|x86
		{C7E8A566-C1A0-41A6-8B3B-76DECBB7D5D1}.Debug|ARM.ActiveCfg = Debug|ARM
		{C7E8A566-C1A0-41A6-8B3B-76DECBB7D5D1}.Debug|ARM.Build.0 = Debug|ARM
		{C7E8A566-C1A0-41A6-8B3B-76DECBB7D5D1}.Debug|ARM.Deploy.0 = Debug|ARM
		{C7E8A566-C1A0-41A6-8B3B-76DECBB7D5D1}.Debug|x64.ActiveCfg = Debug|x64
		{C7E8A566-C1A0-41A6-8B3B-76DECBB7D5D1}.Debug|x64.Build.0 = Debug|x64
		{C7E8A566-C1A0-41A6-8B3B-76DECBB7D5D1}.Debug|x64.Deploy.0 = Debug|x64
		{C7E8A566-C1A0-41A6-8B3B-76DECBB7D5D1}.Debug|x86.ActiveCfg = Debug|x86
		{C7E8A566-C1A0-41A6-8B3B-76DECBB7D5D1}.Debug|x86.Build.0 = Debug|x86
		{C7E8A566-C1A0-41A6-8B3B-76DECBB7D5D1}.Debug|x86.Deploy.0 = Debug|x86
		{C7E8A566-C1A0-41A6-8B3B-76DECBB7D5D1}.Release|Any CPU.ActiveCfg = Release|x86
		{C7E8A566-C1A0-41A6-8B3B-76DECBB7D5D1}.Release|ARM.ActiveCfg = Release|ARM
		{C7E8A566-C1A0-41A6-8B3B-76DECBB7D5D1}.Release|ARM.Build.0 = Release|ARM
		{C7E8A566-C1A0-41A6-8B3B-76DECBB7D5D1}.Release|ARM.Deploy.0 = Release|ARM
		{C7E8A566-C1A0-41A6-8B3B-76DECBB7D5D1}.Release|x64.ActiveCfg = Release|x64
		{C7E8A566-C1A0-41A6-8B3B-76DECBB7D5D1}.Release|x64.Build.0 = Release|x64
		{C7E8A566-C1A0-41A6-8B3B-76DECBB7D5D1}.Release|x64.Deploy.0 = Release|x64
		{C7E8A566-C1A0-41A6-8B3B-76DECBB7D5D1}.Release|x86.ActiveCfg = Release|x86
		{C7E8A566-C1A0-41A6-8B3B-76DECBB7D5D1}.Release|x86.Build.0 = Release|x86
		{C7E8A566-C1A0-41A6-8B3B-76DECBB7D5D1}.Release|x86.Deploy.0 = Release|x86
		{ADFB30AD-72FA-411C-8136-3745D5E56380}.Debug|Any CPU.ActiveCfg = Debug|Any CPU
		{ADFB30AD-72FA-411C-8136-3745D5E56380}.Debug|Any CPU.Build.0 = Debug|Any CPU
		{ADFB30AD-72FA-411C-8136-3745D5E56380}.Debug|ARM.ActiveCfg = Debug|Any CPU
		{ADFB30AD-72FA-411C-8136-3745D5E56380}.Debug|ARM.Build.0 = Debug|Any CPU
		{ADFB30AD-72FA-411C-8136-3745D5E56380}.Debug|x64.ActiveCfg = Debug|Any CPU
		{ADFB30AD-72FA-411C-8136-3745D5E56380}.Debug|x64.Build.0 = Debug|Any CPU
		{ADFB30AD-72FA-411C-8136-3745D5E56380}.Debug|x86.ActiveCfg = Debug|Any CPU
		{ADFB30AD-72FA-411C-8136-3745D5E56380}.Debug|x86.Build.0 = Debug|Any CPU
		{ADFB30AD-72FA-411C-8136-3745D5E56380}.Release|Any CPU.ActiveCfg = Release|Any CPU
		{ADFB30AD-72FA-411C-8136-3745D5E56380}.Release|Any CPU.Build.0 = Release|Any CPU
		{ADFB30AD-72FA-411C-8136-3745D5E56380}.Release|ARM.ActiveCfg = Release|Any CPU
		{ADFB30AD-72FA-411C-8136-3745D5E56380}.Release|ARM.Build.0 = Release|Any CPU
		{ADFB30AD-72FA-411C-8136-3745D5E56380}.Release|x64.ActiveCfg = Release|Any CPU
		{ADFB30AD-72FA-411C-8136-3745D5E56380}.Release|x64.Build.0 = Release|Any CPU
		{ADFB30AD-72FA-411C-8136-3745D5E56380}.Release|x86.ActiveCfg = Release|Any CPU
		{ADFB30AD-72FA-411C-8136-3745D5E56380}.Release|x86.Build.0 = Release|Any CPU
	EndGlobalSection
	GlobalSection(SolutionProperties) = preSolution
		HideSolutionNode = FALSE
	EndGlobalSection
	GlobalSection(NestedProjects) = preSolution
		{C6B8774B-A9F7-4821-AB8B-EFB4FB6AFE33} = {2D4FBEB3-6F53-4069-9A99-9D08E56C6E67}
	EndGlobalSection
EndGlobal
